
Microsoft Visual Studio Solution File, Format Version 12.00
# Visual Studio Version 17
VisualStudioVersion = 17.14.36401.2 d17.14
MinimumVisualStudioVersion = 10.0.40219.1
Project("{FAE04EC0-301F-11D3-BF4B-00C04F79EFBC}") = "QLBHThu2", "QLBHThu2\QLBHThu2.csproj", "{D5948E18-E974-48B1-82CC-6EC372DDA7EB}"
EndProject
Global
	GlobalSection(SolutionConfigurationPlatforms) = preSolution
		Debug|Any CPU = Debug|Any CPU
		Release|Any CPU = Release|Any CPU
	EndGlobalSection
	GlobalSection(ProjectConfigurationPlatforms) = postSolution
		{D5948E18-E974-48B1-82CC-6EC372DDA7EB}.Debug|Any CPU.ActiveCfg = Debug|Any CPU
		{D5948E18-E974-48B1-82CC-6EC372DDA7EB}.Debug|Any CPU.Build.0 = Debug|Any CPU
		{D5948E18-E974-48B1-82CC-6EC372DDA7EB}.Release|Any CPU.ActiveCfg = Release|Any CPU
		{D5948E18-E974-48B1-82CC-6EC372DDA7EB}.Release|Any CPU.Build.0 = Release|Any CPU
	EndGlobalSection
	GlobalSection(SolutionProperties) = preSolution
		HideSolutionNode = FALSE
	EndGlobalSection
	GlobalSection(ExtensibilityGlobals) = postSolution
		SolutionGuid = {D7401FDD-80FA-48DF-8DE5-0D7D74A43C66}
	EndGlobalSection
EndGlobal
